// !$*UTF8*$!
{
	archiveVersion = 1;
	classes = {
	};
	objectVersion = 50;
	objects = {

/* Begin PBXBuildFile section */
		3D9141AB217EB896002AF3DD /* AppDelegate.swift in Sources */ = {isa = PBXBuildFile; fileRef = 3D9141AA217EB896002AF3DD /* AppDelegate.swift */; };
		3D9141B0217EB896002AF3DD /* Main.storyboard in Resources */ = {isa = PBXBuildFile; fileRef = 3D9141AE217EB896002AF3DD /* Main.storyboard */; };
		3D9141B2217EB897002AF3DD /* Assets.xcassets in Resources */ = {isa = PBXBuildFile; fileRef = 3D9141B1217EB897002AF3DD /* Assets.xcassets */; };
		3D9141B5217EB897002AF3DD /* LaunchScreen.storyboard in Resources */ = {isa = PBXBuildFile; fileRef = 3D9141B3217EB897002AF3DD /* LaunchScreen.storyboard */; };
		3D9141C0217EB898002AF3DD /* CanvasTests.swift in Sources */ = {isa = PBXBuildFile; fileRef = 3D9141BF217EB898002AF3DD /* CanvasTests.swift */; };
		3D9141CB217EB898002AF3DD /* CanvasUITests.swift in Sources */ = {isa = PBXBuildFile; fileRef = 3D9141CA217EB898002AF3DD /* CanvasUITests.swift */; };
		3D9141D9217EB9F3002AF3DD /* CanvasViewController.swift in Sources */ = {isa = PBXBuildFile; fileRef = 3D9141D8217EB9F3002AF3DD /* CanvasViewController.swift */; };
/* End PBXBuildFile section */

/* Begin PBXContainerItemProxy section */
		3D9141BC217EB897002AF3DD /* PBXContainerItemProxy */ = {
			isa = PBXContainerItemProxy;
			containerPortal = 3D91419F217EB896002AF3DD /* Project object */;
			proxyType = 1;
			remoteGlobalIDString = 3D9141A6217EB896002AF3DD;
			remoteInfo = Canvas;
		};
		3D9141C7217EB898002AF3DD /* PBXContainerItemProxy */ = {
			isa = PBXContainerItemProxy;
			containerPortal = 3D91419F217EB896002AF3DD /* Project object */;
			proxyType = 1;
			remoteGlobalIDString = 3D9141A6217EB896002AF3DD;
			remoteInfo = Canvas;
		};
/* End PBXContainerItemProxy section */

/* Begin PBXFileReference section */
		3D9141A7217EB896002AF3DD /* Canvas.app */ = {isa = PBXFileReference; explicitFileType = wrapper.application; includeInIndex = 0; path = Canvas.app; sourceTree = BUILT_PRODUCTS_DIR; };
		3D9141AA217EB896002AF3DD /* AppDelegate.swift */ = {isa = PBXFileReference; lastKnownFileType = sourcecode.swift; path = AppDelegate.swift; sourceTree = "<group>"; };
		3D9141AF217EB896002AF3DD /* Base */ = {isa = PBXFileReference; lastKnownFileType = file.storyboard; name = Base; path = Base.lproj/Main.storyboard; sourceTree = "<group>"; };
		3D9141B1217EB897002AF3DD /* Assets.xcassets */ = {isa = PBXFileReference; lastKnownFileType = folder.assetcatalog; path = Assets.xcassets; sourceTree = "<group>"; };
		3D9141B4217EB897002AF3DD /* Base */ = {isa = PBXFileReference; lastKnownFileType = file.storyboard; name = Base; path = Base.lproj/LaunchScreen.storyboard; sourceTree = "<group>"; };
		3D9141B6217EB897002AF3DD /* Info.plist */ = {isa = PBXFileReference; lastKnownFileType = text.plist.xml; path = Info.plist; sourceTree = "<group>"; };
		3D9141BB217EB897002AF3DD /* CanvasTests.xctest */ = {isa = PBXFileReference; explicitFileType = wrapper.cfbundle; includeInIndex = 0; path = CanvasTests.xctest; sourceTree = BUILT_PRODUCTS_DIR; };
		3D9141BF217EB898002AF3DD /* CanvasTests.swift */ = {isa = PBXFileReference; lastKnownFileType = sourcecode.swift; path = CanvasTests.swift; sourceTree = "<group>"; };
		3D9141C1217EB898002AF3DD /* Info.plist */ = {isa = PBXFileReference; lastKnownFileType = text.plist.xml; path = Info.plist; sourceTree = "<group>"; };
		3D9141C6217EB898002AF3DD /* CanvasUITests.xctest */ = {isa = PBXFileReference; explicitFileType = wrapper.cfbundle; includeInIndex = 0; path = CanvasUITests.xctest; sourceTree = BUILT_PRODUCTS_DIR; };
		3D9141CA217EB898002AF3DD /* CanvasUITests.swift */ = {isa = PBXFileReference; lastKnownFileType = sourcecode.swift; path = CanvasUITests.swift; sourceTree = "<group>"; };
		3D9141CC217EB898002AF3DD /* Info.plist */ = {isa = PBXFileReference; lastKnownFileType = text.plist.xml; path = Info.plist; sourceTree = "<group>"; };
		3D9141D8217EB9F3002AF3DD /* CanvasViewController.swift */ = {isa = PBXFileReference; lastKnownFileType = sourcecode.swift; path = CanvasViewController.swift; sourceTree = "<group>"; };
/* End PBXFileReference section */

/* Begin PBXFrameworksBuildPhase section */
		3D9141A4217EB896002AF3DD /* Frameworks */ = {
			isa = PBXFrameworksBuildPhase;
			buildActionMask = 2147483647;
			files = (
			);
			runOnlyForDeploymentPostprocessing = 0;
		};
		3D9141B8217EB897002AF3DD /* Frameworks */ = {
			isa = PBXFrameworksBuildPhase;
			buildActionMask = 2147483647;
			files = (
			);
			runOnlyForDeploymentPostprocessing = 0;
		};
		3D9141C3217EB898002AF3DD /* Frameworks */ = {
			isa = PBXFrameworksBuildPhase;
			buildActionMask = 2147483647;
			files = (
			);
			runOnlyForDeploymentPostprocessing = 0;
		};
/* End PBXFrameworksBuildPhase section */

/* Begin PBXGroup section */
		3D91419E217EB896002AF3DD = {
			isa = PBXGroup;
			children = (
				3D9141A9217EB896002AF3DD /* Canvas */,
				3D9141BE217EB898002AF3DD /* CanvasTests */,
				3D9141C9217EB898002AF3DD /* CanvasUITests */,
				3D9141A8217EB896002AF3DD /* Products */,
			);
			sourceTree = "<group>";
		};
		3D9141A8217EB896002AF3DD /* Products */ = {
			isa = PBXGroup;
			children = (
				3D9141A7217EB896002AF3DD /* Canvas.app */,
				3D9141BB217EB897002AF3DD /* CanvasTests.xctest */,
				3D9141C6217EB898002AF3DD /* CanvasUITests.xctest */,
			);
			name = Products;
			sourceTree = "<group>";
		};
		3D9141A9217EB896002AF3DD /* Canvas */ = {
			isa = PBXGroup;
			children = (
				3D9141AA217EB896002AF3DD /* AppDelegate.swift */,
				3D9141D8217EB9F3002AF3DD /* CanvasViewController.swift */,
				3D9141AE217EB896002AF3DD /* Main.storyboard */,
				3D9141B1217EB897002AF3DD /* Assets.xcassets */,
				3D9141B3217EB897002AF3DD /* LaunchScreen.storyboard */,
				3D9141B6217EB897002AF3DD /* Info.plist */,
			);
			path = Canvas;
			sourceTree = "<group>";
		};
		3D9141BE217EB898002AF3DD /* CanvasTests */ = {
			isa = PBXGroup;
			children = (
				3D9141BF217EB898002AF3DD /* CanvasTests.swift */,
				3D9141C1217EB898002AF3DD /* Info.plist */,
			);
			path = CanvasTests;
			sourceTree = "<group>";
		};
		3D9141C9217EB898002AF3DD /* CanvasUITests */ = {
			isa = PBXGroup;
			children = (
				3D9141CA217EB898002AF3DD /* CanvasUITests.swift */,
				3D9141CC217EB898002AF3DD /* Info.plist */,
			);
			path = CanvasUITests;
			sourceTree = "<group>";
		};
/* End PBXGroup section */

/* Begin PBXNativeTarget section */
		3D9141A6217EB896002AF3DD /* Canvas */ = {
			isa = PBXNativeTarget;
			buildConfigurationList = 3D9141CF217EB898002AF3DD /* Build configuration list for PBXNativeTarget "Canvas" */;
			buildPhases = (
				3D9141A3217EB896002AF3DD /* Sources */,
				3D9141A4217EB896002AF3DD /* Frameworks */,
				3D9141A5217EB896002AF3DD /* Resources */,
			);
			buildRules = (
			);
			dependencies = (
			);
			name = Canvas;
			productName = Canvas;
			productReference = 3D9141A7217EB896002AF3DD /* Canvas.app */;
			productType = "com.apple.product-type.application";
		};
		3D9141BA217EB897002AF3DD /* CanvasTests */ = {
			isa = PBXNativeTarget;
			buildConfigurationList = 3D9141D2217EB898002AF3DD /* Build configuration list for PBXNativeTarget "CanvasTests" */;
			buildPhases = (
				3D9141B7217EB897002AF3DD /* Sources */,
				3D9141B8217EB897002AF3DD /* Frameworks */,
				3D9141B9217EB897002AF3DD /* Resources */,
			);
			buildRules = (
			);
			dependencies = (
				3D9141BD217EB897002AF3DD /* PBXTargetDependency */,
			);
			name = CanvasTests;
			productName = CanvasTests;
			productReference = 3D9141BB217EB897002AF3DD /* CanvasTests.xctest */;
			productType = "com.apple.product-type.bundle.unit-test";
		};
		3D9141C5217EB898002AF3DD /* CanvasUITests */ = {
			isa = PBXNativeTarget;
			buildConfigurationList = 3D9141D5217EB898002AF3DD /* Build configuration list for PBXNativeTarget "CanvasUITests" */;
			buildPhases = (
				3D9141C2217EB898002AF3DD /* Sources */,
				3D9141C3217EB898002AF3DD /* Frameworks */,
				3D9141C4217EB898002AF3DD /* Resources */,
			);
			buildRules = (
			);
			dependencies = (
				3D9141C8217EB898002AF3DD /* PBXTargetDependency */,
			);
			name = CanvasUITests;
			productName = CanvasUITests;
			productReference = 3D9141C6217EB898002AF3DD /* CanvasUITests.xctest */;
			productType = "com.apple.product-type.bundle.ui-testing";
		};
/* End PBXNativeTarget section */

/* Begin PBXProject section */
		3D91419F217EB896002AF3DD /* Project object */ = {
			isa = PBXProject;
			attributes = {
				LastSwiftUpdateCheck = 0940;
				LastUpgradeCheck = 0940;
				ORGANIZATIONNAME = "AUNG PHYO";
				TargetAttributes = {
					3D9141A6217EB896002AF3DD = {
						CreatedOnToolsVersion = 9.4.1;
					};
					3D9141BA217EB897002AF3DD = {
						CreatedOnToolsVersion = 9.4.1;
						TestTargetID = 3D9141A6217EB896002AF3DD;
					};
					3D9141C5217EB898002AF3DD = {
						CreatedOnToolsVersion = 9.4.1;
						TestTargetID = 3D9141A6217EB896002AF3DD;
					};
				};
			};
			buildConfigurationList = 3D9141A2217EB896002AF3DD /* Build configuration list for PBXProject "Canvas" */;
			compatibilityVersion = "Xcode 9.3";
			developmentRegion = en;
			hasScannedForEncodings = 0;
			knownRegions = (
				en,
				Base,
			);
			mainGroup = 3D91419E217EB896002AF3DD;
			productRefGroup = 3D9141A8217EB896002AF3DD /* Products */;
			projectDirPath = "";
			projectRoot = "";
			targets = (
				3D9141A6217EB896002AF3DD /* Canvas */,
				3D9141BA217EB897002AF3DD /* CanvasTests */,
				3D9141C5217EB898002AF3DD /* CanvasUITests */,
			);
		};
/* End PBXProject section */

/* Begin PBXResourcesBuildPhase section */
		3D9141A5217EB896002AF3DD /* Resources */ = {
			isa = PBXResourcesBuildPhase;
			buildActionMask = 2147483647;
			files = (
				3D9141B5217EB897002AF3DD /* LaunchScreen.storyboard in Resources */,
				3D9141B2217EB897002AF3DD /* Assets.xcassets in Resources */,
				3D9141B0217EB896002AF3DD /* Main.storyboard in Resources */,
			);
			runOnlyForDeploymentPostprocessing = 0;
		};
		3D9141B9217EB897002AF3DD /* Resources */ = {
			isa = PBXResourcesBuildPhase;
			buildActionMask = 2147483647;
			files = (
			);
			runOnlyForDeploymentPostprocessing = 0;
		};
		3D9141C4217EB898002AF3DD /* Resources */ = {
			isa = PBXResourcesBuildPhase;
			buildActionMask = 2147483647;
			files = (
			);
			runOnlyForDeploymentPostprocessing = 0;
		};
/* End PBXResourcesBuildPhase section */

/* Begin PBXSourcesBuildPhase section */
		3D9141A3217EB896002AF3DD /* Sources */ = {
			isa = PBXSourcesBuildPhase;
			buildActionMask = 2147483647;
			files = (
				3D9141D9217EB9F3002AF3DD /* CanvasViewController.swift in Sources */,
				3D9141AB217EB896002AF3DD /* AppDelegate.swift in Sources */,
			);
			runOnlyForDeploymentPostprocessing = 0;
		};
		3D9141B7217EB897002AF3DD /* Sources */ = {
			isa = PBXSourcesBuildPhase;
			buildActionMask = 2147483647;
			files = (
				3D9141C0217EB898002AF3DD /* CanvasTests.swift in Sources */,
			);
			runOnlyForDeploymentPostprocessing = 0;
		};
		3D9141C2217EB898002AF3DD /* Sources */ = {
			isa = PBXSourcesBuildPhase;
			buildActionMask = 2147483647;
			files = (
				3D9141CB217EB898002AF3DD /* CanvasUITests.swift in Sources */,
			);
			runOnlyForDeploymentPostprocessing = 0;
		};
/* End PBXSourcesBuildPhase section */

/* Begin PBXTargetDependency section */
		3D9141BD217EB897002AF3DD /* PBXTargetDependency */ = {
			isa = PBXTargetDependency;
			target = 3D9141A6217EB896002AF3DD /* Canvas */;
			targetProxy = 3D9141BC217EB897002AF3DD /* PBXContainerItemProxy */;
		};
		3D9141C8217EB898002AF3DD /* PBXTargetDependency */ = {
			isa = PBXTargetDependency;
			target = 3D9141A6217EB896002AF3DD /* Canvas */;
			targetProxy = 3D9141C7217EB898002AF3DD /* PBXContainerItemProxy */;
		};
/* End PBXTargetDependency section */

/* Begin PBXVariantGroup section */
		3D9141AE217EB896002AF3DD /* Main.storyboard */ = {
			isa = PBXVariantGroup;
			children = (
				3D9141AF217EB896002AF3DD /* Base */,
			);
			name = Main.storyboard;
			sourceTree = "<group>";
		};
		3D9141B3217EB897002AF3DD /* LaunchScreen.storyboard */ = {
			isa = PBXVariantGroup;
			children = (
				3D9141B4217EB897002AF3DD /* Base */,
			);
			name = LaunchScreen.storyboard;
			sourceTree = "<group>";
		};
/* End PBXVariantGroup section */

/* Begin XCBuildConfiguration section */
		3D9141CD217EB898002AF3DD /* Debug */ = {
			isa = XCBuildConfiguration;
			buildSettings = {
				ALWAYS_SEARCH_USER_PATHS = NO;
				CLANG_ANALYZER_NONNULL = YES;
				CLANG_ANALYZER_NUMBER_OBJECT_CONVERSION = YES_AGGRESSIVE;
				CLANG_CXX_LANGUAGE_STANDARD = "gnu++14";
				CLANG_CXX_LIBRARY = "libc++";
				CLANG_ENABLE_MODULES = YES;
				CLANG_ENABLE_OBJC_ARC = YES;
				CLANG_ENABLE_OBJC_WEAK = YES;
				CLANG_WARN_BLOCK_CAPTURE_AUTORELEASING = YES;
				CLANG_WARN_BOOL_CONVERSION = YES;
				CLANG_WARN_COMMA = YES;
				CLANG_WARN_CONSTANT_CONVERSION = YES;
				CLANG_WARN_DEPRECATED_OBJC_IMPLEMENTATIONS = YES;
				CLANG_WARN_DIRECT_OBJC_ISA_USAGE = YES_ERROR;
				CLANG_WARN_DOCUMENTATION_COMMENTS = YES;
				CLANG_WARN_EMPTY_BODY = YES;
				CLANG_WARN_ENUM_CONVERSION = YES;
				CLANG_WARN_INFINITE_RECURSION = YES;
				CLANG_WARN_INT_CONVERSION = YES;
				CLANG_WARN_NON_LITERAL_NULL_CONVERSION = YES;
				CLANG_WARN_OBJC_IMPLICIT_RETAIN_SELF = YES;
				CLANG_WARN_OBJC_LITERAL_CONVERSION = YES;
				CLANG_WARN_OBJC_ROOT_CLASS = YES_ERROR;
				CLANG_WARN_RANGE_LOOP_ANALYSIS = YES;
				CLANG_WARN_STRICT_PROTOTYPES = YES;
				CLANG_WARN_SUSPICIOUS_MOVE = YES;
				CLANG_WARN_UNGUARDED_AVAILABILITY = YES_AGGRESSIVE;
				CLANG_WARN_UNREACHABLE_CODE = YES;
				CLANG_WARN__DUPLICATE_METHOD_MATCH = YES;
				CODE_SIGN_IDENTITY = "iPhone Developer";
				COPY_PHASE_STRIP = NO;
				DEBUG_INFORMATION_FORMAT = dwarf;
				ENABLE_STRICT_OBJC_MSGSEND = YES;
				ENABLE_TESTABILITY = YES;
				GCC_C_LANGUAGE_STANDARD = gnu11;
				GCC_DYNAMIC_NO_PIC = NO;
				GCC_NO_COMMON_BLOCKS = YES;
				GCC_OPTIMIZATION_LEVEL = 0;
				GCC_PREPROCESSOR_DEFINITIONS = (
					"DEBUG=1",
					"$(inherited)",
				);
				GCC_WARN_64_TO_32_BIT_CONVERSION = YES;
				GCC_WARN_ABOUT_RETURN_TYPE = YES_ERROR;
				GCC_WARN_UNDECLARED_SELECTOR = YES;
				GCC_WARN_UNINITIALIZED_AUTOS = YES_AGGRESSIVE;
				GCC_WARN_UNUSED_FUNCTION = YES;
				GCC_WARN_UNUSED_VARIABLE = YES;
				IPHONEOS_DEPLOYMENT_TARGET = 11.4;
				MTL_ENABLE_DEBUG_INFO = YES;
				ONLY_ACTIVE_ARCH = YES;
				SDKROOT = iphoneos;
				SWIFT_ACTIVE_COMPILATION_CONDITIONS = DEBUG;
				SWIFT_OPTIMIZATION_LEVEL = "-Onone";
			};
			name = Debug;
		};
		3D9141CE217EB898002AF3DD /* Release */ = {
			isa = XCBuildConfiguration;
			buildSettings = {
				ALWAYS_SEARCH_USER_PATHS = NO;
				CLANG_ANALYZER_NONNULL = YES;
				CLANG_ANALYZER_NUMBER_OBJECT_CONVERSION = YES_AGGRESSIVE;
				CLANG_CXX_LANGUAGE_STANDARD = "gnu++14";
				CLANG_CXX_LIBRARY = "libc++";
				CLANG_ENABLE_MODULES = YES;
				CLANG_ENABLE_OBJC_ARC = YES;
				CLANG_ENABLE_OBJC_WEAK = YES;
				CLANG_WARN_BLOCK_CAPTURE_AUTORELEASING = YES;
				CLANG_WARN_BOOL_CONVERSION = YES;
				CLANG_WARN_COMMA = YES;
				CLANG_WARN_CONSTANT_CONVERSION = YES;
				CLANG_WARN_DEPRECATED_OBJC_IMPLEMENTATIONS = YES;
				CLANG_WARN_DIRECT_OBJC_ISA_USAGE = YES_ERROR;
				CLANG_WARN_DOCUMENTATION_COMMENTS = YES;
				CLANG_WARN_EMPTY_BODY = YES;
				CLANG_WARN_ENUM_CONVERSION = YES;
				CLANG_WARN_INFINITE_RECURSION = YES;
				CLANG_WARN_INT_CONVERSION = YES;
				CLANG_WARN_NON_LITERAL_NULL_CONVERSION = YES;
				CLANG_WARN_OBJC_IMPLICIT_RETAIN_SELF = YES;
				CLANG_WARN_OBJC_LITERAL_CONVERSION = YES;
				CLANG_WARN_OBJC_ROOT_CLASS = YES_ERROR;
				CLANG_WARN_RANGE_LOOP_ANALYSIS = YES;
				CLANG_WARN_STRICT_PROTOTYPES = YES;
				CLANG_WARN_SUSPICIOUS_MOVE = YES;
				CLANG_WARN_UNGUARDED_AVAILABILITY = YES_AGGRESSIVE;
				CLANG_WARN_UNREACHABLE_CODE = YES;
				CLANG_WARN__DUPLICATE_METHOD_MATCH = YES;
				CODE_SIGN_IDENTITY = "iPhone Developer";
				COPY_PHASE_STRIP = NO;
				DEBUG_INFORMATION_FORMAT = "dwarf-with-dsym";
				ENABLE_NS_ASSERTIONS = NO;
				ENABLE_STRICT_OBJC_MSGSEND = YES;
				GCC_C_LANGUAGE_STANDARD = gnu11;
				GCC_NO_COMMON_BLOCKS = YES;
				GCC_WARN_64_TO_32_BIT_CONVERSION = YES;
				GCC_WARN_ABOUT_RETURN_TYPE = YES_ERROR;
				GCC_WARN_UNDECLARED_SELECTOR = YES;
				GCC_WARN_UNINITIALIZED_AUTOS = YES_AGGRESSIVE;
				GCC_WARN_UNUSED_FUNCTION = YES;
				GCC_WARN_UNUSED_VARIABLE = YES;
				IPHONEOS_DEPLOYMENT_TARGET = 11.4;
				MTL_ENABLE_DEBUG_INFO = NO;
				SDKROOT = iphoneos;
				SWIFT_COMPILATION_MODE = wholemodule;
				SWIFT_OPTIMIZATION_LEVEL = "-O";
				VALIDATE_PRODUCT = YES;
			};
			name = Release;
		};
		3D9141D0217EB898002AF3DD /* Debug */ = {
			isa = XCBuildConfiguration;
			buildSettings = {
				ASSETCATALOG_COMPILER_APPICON_NAME = AppIcon;
				CODE_SIGN_STYLE = Automatic;
				INFOPLIST_FILE = Canvas/Info.plist;
				LD_RUNPATH_SEARCH_PATHS = (
					"$(inherited)",
					"@executable_path/Frameworks",
				);
				PRODUCT_BUNDLE_IDENTIFIER = school.Canvas;
				PRODUCT_NAME = "$(TARGET_NAME)";
				SWIFT_VERSION = 4.0;
				TARGETED_DEVICE_FAMILY = "1,2";
			};
			name = Debug;
		};
		3D9141D1217EB898002AF3DD /* Release */ = {
			isa = XCBuildConfiguration;
			buildSettings = {
				ASSETCATALOG_COMPILER_APPICON_NAME = AppIcon;
				CODE_SIGN_STYLE = Automatic;
				INFOPLIST_FILE = Canvas/Info.plist;
				LD_RUNPATH_SEARCH_PATHS = (
					"$(inherited)",
					"@executable_path/Frameworks",
				);
				PRODUCT_BUNDLE_IDENTIFIER = school.Canvas;
				PRODUCT_NAME = "$(TARGET_NAME)";
				SWIFT_VERSION = 4.0;
				TARGETED_DEVICE_FAMILY = "1,2";
			};
			name = Release;
		};
		3D9141D3217EB898002AF3DD /* Debug */ = {
			isa = XCBuildConfiguration;
			buildSettings = {
				ALWAYS_EMBED_SWIFT_STANDARD_LIBRARIES = YES;
				BUNDLE_LOADER = "$(TEST_HOST)";
				CODE_SIGN_STYLE = Automatic;
				INFOPLIST_FILE = CanvasTests/Info.plist;
				LD_RUNPATH_SEARCH_PATHS = (
					"$(inherited)",
					"@executable_path/Frameworks",
					"@loader_path/Frameworks",
				);
				PRODUCT_BUNDLE_IDENTIFIER = school.CanvasTests;
				PRODUCT_NAME = "$(TARGET_NAME)";
				SWIFT_VERSION = 4.0;
				TARGETED_DEVICE_FAMILY = "1,2";
				TEST_HOST = "$(BUILT_PRODUCTS_DIR)/Canvas.app/Canvas";
			};
			name = Debug;
		};
		3D9141D4217EB898002AF3DD /* Release */ = {
			isa = XCBuildConfiguration;
			buildSettings = {
				ALWAYS_EMBED_SWIFT_STANDARD_LIBRARIES = YES;
				BUNDLE_LOADER = "$(TEST_HOST)";
				CODE_SIGN_STYLE = Automatic;
				INFOPLIST_FILE = CanvasTests/Info.plist;
				LD_RUNPATH_SEARCH_PATHS = (
					"$(inherited)",
					"@executable_path/Frameworks",
					"@loader_path/Frameworks",
				);
				PRODUCT_BUNDLE_IDENTIFIER = school.CanvasTests;
				PRODUCT_NAME = "$(TARGET_NAME)";
				SWIFT_VERSION = 4.0;
				TARGETED_DEVICE_FAMILY = "1,2";
				TEST_HOST = "$(BUILT_PRODUCTS_DIR)/Canvas.app/Canvas";
			};
			name = Release;
		};
		3D9141D6217EB898002AF3DD /* Debug */ = {
			isa = XCBuildConfiguration;
			buildSettings = {
				ALWAYS_EMBED_SWIFT_STANDARD_LIBRARIES = YES;
				CODE_SIGN_STYLE = Automatic;
				INFOPLIST_FILE = CanvasUITests/Info.plist;
				LD_RUNPATH_SEARCH_PATHS = (
					"$(inherited)",
					"@executable_path/Frameworks",
					"@loader_path/Frameworks",
				);
				PRODUCT_BUNDLE_IDENTIFIER = school.CanvasUITests;
				PRODUCT_NAME = "$(TARGET_NAME)";
				SWIFT_VERSION = 4.0;
				TARGETED_DEVICE_FAMILY = "1,2";
				TEST_TARGET_NAME = Canvas;
			};
			name = Debug;
		};
		3D9141D7217EB898002AF3DD /* Release */ = {
			isa = XCBuildConfiguration;
			buildSettings = {
				ALWAYS_EMBED_SWIFT_STANDARD_LIBRARIES = YES;
				CODE_SIGN_STYLE = Automatic;
				INFOPLIST_FILE = CanvasUITests/Info.plist;
				LD_RUNPATH_SEARCH_PATHS = (
					"$(inherited)",
					"@executable_path/Frameworks",
					"@loader_path/Frameworks",
				);
				PRODUCT_BUNDLE_IDENTIFIER = school.CanvasUITests;
				PRODUCT_NAME = "$(TARGET_NAME)";
				SWIFT_VERSION = 4.0;
				TARGETED_DEVICE_FAMILY = "1,2";
				TEST_TARGET_NAME = Canvas;
			};
			name = Release;
		};
/* End XCBuildConfiguration section */

/* Begin XCConfigurationList section */
		3D9141A2217EB896002AF3DD /* Build configuration list for PBXProject "Canvas" */ = {
			isa = XCConfigurationList;
			buildConfigurations = (
				3D9141CD217EB898002AF3DD /* Debug */,
				3D9141CE217EB898002AF3DD /* Release */,
			);
			defaultConfigurationIsVisible = 0;
			defaultConfigurationName = Release;
		};
		3D9141CF217EB898002AF3DD /* Build configuration list for PBXNativeTarget "Canvas" */ = {
			isa = XCConfigurationList;
			buildConfigurations = (
				3D9141D0217EB898002AF3DD /* Debug */,
				3D9141D1217EB898002AF3DD /* Release */,
			);
			defaultConfigurationIsVisible = 0;
			defaultConfigurationName = Release;
		};
		3D9141D2217EB898002AF3DD /* Build configuration list for PBXNativeTarget "CanvasTests" */ = {
			isa = XCConfigurationList;
			buildConfigurations = (
				3D9141D3217EB898002AF3DD /* Debug */,
				3D9141D4217EB898002AF3DD /* Release */,
			);
			defaultConfigurationIsVisible = 0;
			defaultConfigurationName = Release;
		};
		3D9141D5217EB898002AF3DD /* Build configuration list for PBXNativeTarget "CanvasUITests" */ = {
			isa = XCConfigurationList;
			buildConfigurations = (
				3D9141D6217EB898002AF3DD /* Debug */,
				3D9141D7217EB898002AF3DD /* Release */,
			);
			defaultConfigurationIsVisible = 0;
			defaultConfigurationName = Release;
		};
/* End XCConfigurationList section */
	};
	rootObject = 3D91419F217EB896002AF3DD /* Project object */;
}
